{
  "name": "aws-lambda-api",
  "version": "1.0.0",
  "lockfileVersion": 2,
  "requires": true,
  "packages": {
    "": {
      "name": "aws-lambda-api",
      "version": "1.0.0",
      "license": "ISC",
      "devDependencies": {
        "serverless-iam-roles-per-function": "^3.2.0",
        "serverless-vpc-plugin": "^1.0.4"
      }
    },
    "node_modules/bignumber.js": {
      "version": "7.2.1",
      "resolved": "https://registry.npmjs.org/bignumber.js/-/bignumber.js-7.2.1.tgz",
      "integrity": "sha512-S4XzBk5sMB+Rcb/LNcpzXr57VRTxgAvaAEDAl1AwRx27j00hT84O6OkteE7u8UB3NuaaygCRrEpqox4uDOrbdQ==",
      "dev": true,
      "engines": {
        "node": "*"
      }
    },
    "node_modules/cidr-split": {
      "version": "0.1.2",
      "resolved": "https://registry.npmjs.org/cidr-split/-/cidr-split-0.1.2.tgz",
      "integrity": "sha512-kGtEi2XkWDPZJrIASRgwIW7VauA7i5bc7GBt06I4XQJPIRjbD0QtKr2HzW1FsRxIGi+IaGta98r2BvwU1uWmNQ==",
      "dev": true,
      "dependencies": {
        "bignumber.js": "7.2.1"
      }
    },
    "node_modules/lodash": {
      "version": "4.17.21",
      "resolved": "https://registry.npmjs.org/lodash/-/lodash-4.17.21.tgz",
      "integrity": "sha512-v2kDEe57lecTulaDIuNTPy3Ry4gLGJ6Z1O3vE1krgXZNrsQ+LFTGHVxVjcXPs17LhbZVGedAJv8XZ1tvj5FvSg==",
      "dev": true
    },
    "node_modules/serverless-iam-roles-per-function": {
      "version": "3.2.0",
      "resolved": "https://registry.npmjs.org/serverless-iam-roles-per-function/-/serverless-iam-roles-per-function-3.2.0.tgz",
      "integrity": "sha512-AXmxACHEUsDcFDcv8QNwDgn2L0brRJ7pz/phD3lFB/wQ3TtPJkorC+J7PxgFQbaWIQk15EIlU83BtKXeQoPTAg==",
      "dev": true,
      "dependencies": {
        "lodash": "^4.17.20"
      },
      "engines": {
        "node": ">=10"
      }
    },
    "node_modules/serverless-vpc-plugin": {
      "version": "1.0.4",
      "resolved": "https://registry.npmjs.org/serverless-vpc-plugin/-/serverless-vpc-plugin-1.0.4.tgz",
      "integrity": "sha512-5iFQ1Rn/vgt5sgXaCA4T7IBHxIhOzJ1wyO0sWQhhhl84fgGESoLUMnm0k4WkfURv/+ovgMFVSN5Wnj7MwR+opw==",
      "dev": true,
      "dependencies": {
        "cidr-split": "0.1.2"
      },
      "engines": {
        "node": ">=12.0"
      }
    }
  },
  "dependencies": {
    "bignumber.js": {
      "version": "7.2.1",
      "resolved": "https://registry.npmjs.org/bignumber.js/-/bignumber.js-7.2.1.tgz",
      "integrity": "sha512-S4XzBk5sMB+Rcb/LNcpzXr57VRTxgAvaAEDAl1AwRx27j00hT84O6OkteE7u8UB3NuaaygCRrEpqox4uDOrbdQ==",
      "dev": true
    },
    "cidr-split": {
      "version": "0.1.2",
      "resolved": "https://registry.npmjs.org/cidr-split/-/cidr-split-0.1.2.tgz",
      "integrity": "sha512-kGtEi2XkWDPZJrIASRgwIW7VauA7i5bc7GBt06I4XQJPIRjbD0QtKr2HzW1FsRxIGi+IaGta98r2BvwU1uWmNQ==",
      "dev": true,
      "requires": {
        "bignumber.js": "7.2.1"
      }
    },
    "lodash": {
      "version": "4.17.21",
      "resolved": "https://registry.npmjs.org/lodash/-/lodash-4.17.21.tgz",
      "integrity": "sha512-v2kDEe57lecTulaDIuNTPy3Ry4gLGJ6Z1O3vE1krgXZNrsQ+LFTGHVxVjcXPs17LhbZVGedAJv8XZ1tvj5FvSg==",
      "dev": true
    },
    "serverless-iam-roles-per-function": {
      "version": "3.2.0",
      "resolved": "https://registry.npmjs.org/serverless-iam-roles-per-function/-/serverless-iam-roles-per-function-3.2.0.tgz",
      "integrity": "sha512-AXmxACHEUsDcFDcv8QNwDgn2L0brRJ7pz/phD3lFB/wQ3TtPJkorC+J7PxgFQbaWIQk15EIlU83BtKXeQoPTAg==",
      "dev": true,
      "requires": {
        "lodash": "^4.17.20"
      }
    },
    "serverless-vpc-plugin": {
      "version": "1.0.4",
      "resolved": "https://registry.npmjs.org/serverless-vpc-plugin/-/serverless-vpc-plugin-1.0.4.tgz",
      "integrity": "sha512-5iFQ1Rn/vgt5sgXaCA4T7IBHxIhOzJ1wyO0sWQhhhl84fgGESoLUMnm0k4WkfURv/+ovgMFVSN5Wnj7MwR+opw==",
      "dev": true,
      "requires": {
        "cidr-split": "0.1.2"
      }
    }
  }
}
